github.com/razidev/go-say-hello v1.0.0 h1:vClMKiMwxnNBrADh0/W0RpgvM6IYrikC5/kQH7vx9MU=
github.com/razidev/go-say-hello v1.0.0/go.mod h1:znrxDdYhl8SHRmMFhzhzi98Lj+4K1uyv97MSDGKYNkk=
github.com/razidev/go-say-hello v1.5.0 h1:MS55EPANmCUFLX7UXTEhBIu/fgBccOguJHQyz4G5/IM=
github.com/razidev/go-say-hello v1.5.0/go.mod h1:znrxDdYhl8SHRmMFhzhzi98Lj+4K1uyv97MSDGKYNkk=
github.com/razidev/go-say-hello/v3 v3.0.0 h1:ZXzMNymMyGVk6eLKnz0v5yULLSTDl0GWbGd9BDxx8Tg=
github.com/razidev/go-say-hello/v3 v3.0.0/go.mod h1:GMTGH3xtxAMB5EUAxaqE0ZyyIhH6M+kAgk8KnMpoAOo=
